
Microsoft Visual Studio Solution File, Format Version 12.00
# Visual Studio Version 17
VisualStudioVersion = 17.9.34607.119
MinimumVisualStudioVersion = 10.0.40219.1
Project("{9A19103F-16F7-4668-BE54-9A1E7A4F7556}") = "Desktop application", "Desktop application\Desktop application.csproj", "{51CF1F7E-C32E-41FE-90F5-2D08AB944FF3}"
EndProject
Global
	GlobalSection(SolutionConfigurationPlatforms) = preSolution
		Debug|Any CPU = Debug|Any CPU
		Release|Any CPU = Release|Any CPU
	EndGlobalSection
	GlobalSection(ProjectConfigurationPlatforms) = postSolution
		{51CF1F7E-C32E-41FE-90F5-2D08AB944FF3}.Debug|Any CPU.ActiveCfg = Debug|Any CPU
		{51CF1F7E-C32E-41FE-90F5-2D08AB944FF3}.Debug|Any CPU.Build.0 = Debug|Any CPU
		{51CF1F7E-C32E-41FE-90F5-2D08AB944FF3}.Release|Any CPU.ActiveCfg = Release|Any CPU
		{51CF1F7E-C32E-41FE-90F5-2D08AB944FF3}.Release|Any CPU.Build.0 = Release|Any CPU
	EndGlobalSection
	GlobalSection(SolutionProperties) = preSolution
		HideSolutionNode = FALSE
	EndGlobalSection
	GlobalSection(ExtensibilityGlobals) = postSolution
		SolutionGuid = {15109CE5-E692-4D3F-ADDF-0FB3D9B028C5}
	EndGlobalSection
EndGlobal
